// !$*UTF8*$!
{
	archiveVersion = 1;
	classes = {
	};
	objectVersion = 50;
	objects = {

/* Begin PBXBuildFile section */
		55BA5E5F2189321A0029A979 /* main.cpp in Sources */ = {isa = PBXBuildFile; fileRef = 55BA5E5E2189321A0029A979 /* main.cpp */; };
		55BA5E67218933900029A979 /* AsyncGetClient.cpp in Sources */ = {isa = PBXBuildFile; fileRef = 55BA5E65218933900029A979 /* AsyncGetClient.cpp */; };
		55BA5E6A21894A0D0029A979 /* SyncGetClient.cpp in Sources */ = {isa = PBXBuildFile; fileRef = 55BA5E6821894A0D0029A979 /* SyncGetClient.cpp */; };
/* End PBXBuildFile section */

/* Begin PBXCopyFilesBuildPhase section */
		55BA5E592189321A0029A979 /* CopyFiles */ = {
			isa = PBXCopyFilesBuildPhase;
			buildActionMask = 2147483647;
			dstPath = /usr/share/man/man1/;
			dstSubfolderSpec = 0;
			files = (
			);
			runOnlyForDeploymentPostprocessing = 1;
		};
/* End PBXCopyFilesBuildPhase section */

/* Begin PBXFileReference section */
		55BA5E5B2189321A0029A979 /* BaseHttp */ = {isa = PBXFileReference; explicitFileType = "compiled.mach-o.executable"; includeInIndex = 0; path = BaseHttp; sourceTree = BUILT_PRODUCTS_DIR; };
		55BA5E5E2189321A0029A979 /* main.cpp */ = {isa = PBXFileReference; lastKnownFileType = sourcecode.cpp.cpp; path = main.cpp; sourceTree = "<group>"; };
		55BA5E65218933900029A979 /* AsyncGetClient.cpp */ = {isa = PBXFileReference; lastKnownFileType = sourcecode.cpp.cpp; path = AsyncGetClient.cpp; sourceTree = "<group>"; };
		55BA5E66218933900029A979 /* AsyncGetClient.hpp */ = {isa = PBXFileReference; lastKnownFileType = sourcecode.cpp.h; path = AsyncGetClient.hpp; sourceTree = "<group>"; };
		55BA5E6821894A0D0029A979 /* SyncGetClient.cpp */ = {isa = PBXFileReference; lastKnownFileType = sourcecode.cpp.cpp; path = SyncGetClient.cpp; sourceTree = "<group>"; };
		55BA5E6921894A0D0029A979 /* SyncGetClient.hpp */ = {isa = PBXFileReference; lastKnownFileType = sourcecode.cpp.h; path = SyncGetClient.hpp; sourceTree = "<group>"; };
/* End PBXFileReference section */

/* Begin PBXFrameworksBuildPhase section */
		55BA5E582189321A0029A979 /* Frameworks */ = {
			isa = PBXFrameworksBuildPhase;
			buildActionMask = 2147483647;
			files = (
			);
			runOnlyForDeploymentPostprocessing = 0;
		};
/* End PBXFrameworksBuildPhase section */

/* Begin PBXGroup section */
		55BA5E522189321A0029A979 = {
			isa = PBXGroup;
			children = (
				55BA5E5D2189321A0029A979 /* BaseHttp */,
				55BA5E5C2189321A0029A979 /* Products */,
			);
			sourceTree = "<group>";
		};
		55BA5E5C2189321A0029A979 /* Products */ = {
			isa = PBXGroup;
			children = (
				55BA5E5B2189321A0029A979 /* BaseHttp */,
			);
			name = Products;
			sourceTree = "<group>";
		};
		55BA5E5D2189321A0029A979 /* BaseHttp */ = {
			isa = PBXGroup;
			children = (
				55BA5E5E2189321A0029A979 /* main.cpp */,
				55BA5E66218933900029A979 /* AsyncGetClient.hpp */,
				55BA5E65218933900029A979 /* AsyncGetClient.cpp */,
				55BA5E6921894A0D0029A979 /* SyncGetClient.hpp */,
				55BA5E6821894A0D0029A979 /* SyncGetClient.cpp */,
			);
			path = BaseHttp;
			sourceTree = "<group>";
		};
/* End PBXGroup section */

/* Begin PBXNativeTarget section */
		55BA5E5A2189321A0029A979 /* BaseHttp */ = {
			isa = PBXNativeTarget;
			buildConfigurationList = 55BA5E622189321A0029A979 /* Build configuration list for PBXNativeTarget "BaseHttp" */;
			buildPhases = (
				55BA5E572189321A0029A979 /* Sources */,
				55BA5E582189321A0029A979 /* Frameworks */,
				55BA5E592189321A0029A979 /* CopyFiles */,
			);
			buildRules = (
			);
			dependencies = (
			);
			name = BaseHttp;
			productName = BaseHttp;
			productReference = 55BA5E5B2189321A0029A979 /* BaseHttp */;
			productType = "com.apple.product-type.tool";
		};
/* End PBXNativeTarget section */

/* Begin PBXProject section */
		55BA5E532189321A0029A979 /* Project object */ = {
			isa = PBXProject;
			attributes = {
				LastUpgradeCheck = 1000;
				ORGANIZATIONNAME = "胡欣妍";
				TargetAttributes = {
					55BA5E5A2189321A0029A979 = {
						CreatedOnToolsVersion = 10.0;
					};
				};
			};
			buildConfigurationList = 55BA5E562189321A0029A979 /* Build configuration list for PBXProject "BaseHttp" */;
			compatibilityVersion = "Xcode 9.3";
			developmentRegion = en;
			hasScannedForEncodings = 0;
			knownRegions = (
				en,
			);
			mainGroup = 55BA5E522189321A0029A979;
			productRefGroup = 55BA5E5C2189321A0029A979 /* Products */;
			projectDirPath = "";
			projectRoot = "";
			targets = (
				55BA5E5A2189321A0029A979 /* BaseHttp */,
			);
		};
/* End PBXProject section */

/* Begin PBXSourcesBuildPhase section */
		55BA5E572189321A0029A979 /* Sources */ = {
			isa = PBXSourcesBuildPhase;
			buildActionMask = 2147483647;
			files = (
				55BA5E67218933900029A979 /* AsyncGetClient.cpp in Sources */,
				55BA5E6A21894A0D0029A979 /* SyncGetClient.cpp in Sources */,
				55BA5E5F2189321A0029A979 /* main.cpp in Sources */,
			);
			runOnlyForDeploymentPostprocessing = 0;
		};
/* End PBXSourcesBuildPhase section */

/* Begin XCBuildConfiguration section */
		55BA5E602189321A0029A979 /* Debug */ = {
			isa = XCBuildConfiguration;
			buildSettings = {
				ALWAYS_SEARCH_USER_PATHS = NO;
				CLANG_ANALYZER_NONNULL = YES;
				CLANG_ANALYZER_NUMBER_OBJECT_CONVERSION = YES_AGGRESSIVE;
				CLANG_CXX_LANGUAGE_STANDARD = "gnu++14";
				CLANG_CXX_LIBRARY = "libc++";
				CLANG_ENABLE_MODULES = YES;
				CLANG_ENABLE_OBJC_ARC = YES;
				CLANG_ENABLE_OBJC_WEAK = YES;
				CLANG_WARN_BLOCK_CAPTURE_AUTORELEASING = YES;
				CLANG_WARN_BOOL_CONVERSION = YES;
				CLANG_WARN_COMMA = YES;
				CLANG_WARN_CONSTANT_CONVERSION = YES;
				CLANG_WARN_DEPRECATED_OBJC_IMPLEMENTATIONS = YES;
				CLANG_WARN_DIRECT_OBJC_ISA_USAGE = YES_ERROR;
				CLANG_WARN_DOCUMENTATION_COMMENTS = YES;
				CLANG_WARN_EMPTY_BODY = YES;
				CLANG_WARN_ENUM_CONVERSION = YES;
				CLANG_WARN_INFINITE_RECURSION = YES;
				CLANG_WARN_INT_CONVERSION = YES;
				CLANG_WARN_NON_LITERAL_NULL_CONVERSION = YES;
				CLANG_WARN_OBJC_IMPLICIT_RETAIN_SELF = YES;
				CLANG_WARN_OBJC_LITERAL_CONVERSION = YES;
				CLANG_WARN_OBJC_ROOT_CLASS = YES_ERROR;
				CLANG_WARN_RANGE_LOOP_ANALYSIS = YES;
				CLANG_WARN_STRICT_PROTOTYPES = YES;
				CLANG_WARN_SUSPICIOUS_MOVE = YES;
				CLANG_WARN_UNGUARDED_AVAILABILITY = YES_AGGRESSIVE;
				CLANG_WARN_UNREACHABLE_CODE = YES;
				CLANG_WARN__DUPLICATE_METHOD_MATCH = YES;
				CODE_SIGN_IDENTITY = "Mac Developer";
				COPY_PHASE_STRIP = NO;
				DEBUG_INFORMATION_FORMAT = dwarf;
				ENABLE_STRICT_OBJC_MSGSEND = YES;
				ENABLE_TESTABILITY = YES;
				GCC_C_LANGUAGE_STANDARD = gnu11;
				GCC_DYNAMIC_NO_PIC = NO;
				GCC_NO_COMMON_BLOCKS = YES;
				GCC_OPTIMIZATION_LEVEL = 0;
				GCC_PREPROCESSOR_DEFINITIONS = (
					"DEBUG=1",
					"$(inherited)",
				);
				GCC_WARN_64_TO_32_BIT_CONVERSION = YES;
				GCC_WARN_ABOUT_RETURN_TYPE = YES_ERROR;
				GCC_WARN_UNDECLARED_SELECTOR = YES;
				GCC_WARN_UNINITIALIZED_AUTOS = YES_AGGRESSIVE;
				GCC_WARN_UNUSED_FUNCTION = YES;
				GCC_WARN_UNUSED_VARIABLE = YES;
				MACOSX_DEPLOYMENT_TARGET = 10.14;
				MTL_ENABLE_DEBUG_INFO = INCLUDE_SOURCE;
				MTL_FAST_MATH = YES;
				ONLY_ACTIVE_ARCH = YES;
				SDKROOT = macosx;
			};
			name = Debug;
		};
		55BA5E612189321A0029A979 /* Release */ = {
			isa = XCBuildConfiguration;
			buildSettings = {
				ALWAYS_SEARCH_USER_PATHS = NO;
				CLANG_ANALYZER_NONNULL = YES;
				CLANG_ANALYZER_NUMBER_OBJECT_CONVERSION = YES_AGGRESSIVE;
				CLANG_CXX_LANGUAGE_STANDARD = "gnu++14";
				CLANG_CXX_LIBRARY = "libc++";
				CLANG_ENABLE_MODULES = YES;
				CLANG_ENABLE_OBJC_ARC = YES;
				CLANG_ENABLE_OBJC_WEAK = YES;
				CLANG_WARN_BLOCK_CAPTURE_AUTORELEASING = YES;
				CLANG_WARN_BOOL_CONVERSION = YES;
				CLANG_WARN_COMMA = YES;
				CLANG_WARN_CONSTANT_CONVERSION = YES;
				CLANG_WARN_DEPRECATED_OBJC_IMPLEMENTATIONS = YES;
				CLANG_WARN_DIRECT_OBJC_ISA_USAGE = YES_ERROR;
				CLANG_WARN_DOCUMENTATION_COMMENTS = YES;
				CLANG_WARN_EMPTY_BODY = YES;
				CLANG_WARN_ENUM_CONVERSION = YES;
				CLANG_WARN_INFINITE_RECURSION = YES;
				CLANG_WARN_INT_CONVERSION = YES;
				CLANG_WARN_NON_LITERAL_NULL_CONVERSION = YES;
				CLANG_WARN_OBJC_IMPLICIT_RETAIN_SELF = YES;
				CLANG_WARN_OBJC_LITERAL_CONVERSION = YES;
				CLANG_WARN_OBJC_ROOT_CLASS = YES_ERROR;
				CLANG_WARN_RANGE_LOOP_ANALYSIS = YES;
				CLANG_WARN_STRICT_PROTOTYPES = YES;
				CLANG_WARN_SUSPICIOUS_MOVE = YES;
				CLANG_WARN_UNGUARDED_AVAILABILITY = YES_AGGRESSIVE;
				CLANG_WARN_UNREACHABLE_CODE = YES;
				CLANG_WARN__DUPLICATE_METHOD_MATCH = YES;
				CODE_SIGN_IDENTITY = "Mac Developer";
				COPY_PHASE_STRIP = NO;
				DEBUG_INFORMATION_FORMAT = "dwarf-with-dsym";
				ENABLE_NS_ASSERTIONS = NO;
				ENABLE_STRICT_OBJC_MSGSEND = YES;
				GCC_C_LANGUAGE_STANDARD = gnu11;
				GCC_NO_COMMON_BLOCKS = YES;
				GCC_WARN_64_TO_32_BIT_CONVERSION = YES;
				GCC_WARN_ABOUT_RETURN_TYPE = YES_ERROR;
				GCC_WARN_UNDECLARED_SELECTOR = YES;
				GCC_WARN_UNINITIALIZED_AUTOS = YES_AGGRESSIVE;
				GCC_WARN_UNUSED_FUNCTION = YES;
				GCC_WARN_UNUSED_VARIABLE = YES;
				MACOSX_DEPLOYMENT_TARGET = 10.14;
				MTL_ENABLE_DEBUG_INFO = NO;
				MTL_FAST_MATH = YES;
				SDKROOT = macosx;
			};
			name = Release;
		};
		55BA5E632189321A0029A979 /* Debug */ = {
			isa = XCBuildConfiguration;
			buildSettings = {
				CODE_SIGN_STYLE = Automatic;
				DEVELOPMENT_TEAM = HF4RL3535R;
				"HEADER_SEARCH_PATHS[arch=*]" = /usr/local/Cellar/boost/1.67.0_1/include;
				"LIBRARY_SEARCH_PATHS[arch=*]" = /usr/local/Cellar/boost/1.67.0_1/lib;
				"OTHER_LDFLAGS[arch=*]" = (
					"/usr/local/Cellar/boost/1.67.0_1/lib/libboost_system-mt.a",
					"/usr/local/Cellar/boost/1.67.0_1/lib/libboost_thread-mt.a",
				);
				PRODUCT_NAME = "$(TARGET_NAME)";
			};
			name = Debug;
		};
		55BA5E642189321A0029A979 /* Release */ = {
			isa = XCBuildConfiguration;
			buildSettings = {
				CODE_SIGN_STYLE = Automatic;
				DEVELOPMENT_TEAM = HF4RL3535R;
				"HEADER_SEARCH_PATHS[arch=*]" = /usr/local/Cellar/boost/1.67.0_1/include;
				"LIBRARY_SEARCH_PATHS[arch=*]" = /usr/local/Cellar/boost/1.67.0_1/lib;
				"OTHER_LDFLAGS[arch=*]" = (
					"/usr/local/Cellar/boost/1.67.0_1/lib/libboost_system-mt.a",
					"/usr/local/Cellar/boost/1.67.0_1/lib/libboost_thread-mt.a",
				);
				PRODUCT_NAME = "$(TARGET_NAME)";
			};
			name = Release;
		};
/* End XCBuildConfiguration section */

/* Begin XCConfigurationList section */
		55BA5E562189321A0029A979 /* Build configuration list for PBXProject "BaseHttp" */ = {
			isa = XCConfigurationList;
			buildConfigurations = (
				55BA5E602189321A0029A979 /* Debug */,
				55BA5E612189321A0029A979 /* Release */,
			);
			defaultConfigurationIsVisible = 0;
			defaultConfigurationName = Release;
		};
		55BA5E622189321A0029A979 /* Build configuration list for PBXNativeTarget "BaseHttp" */ = {
			isa = XCConfigurationList;
			buildConfigurations = (
				55BA5E632189321A0029A979 /* Debug */,
				55BA5E642189321A0029A979 /* Release */,
			);
			defaultConfigurationIsVisible = 0;
			defaultConfigurationName = Release;
		};
/* End XCConfigurationList section */
	};
	rootObject = 55BA5E532189321A0029A979 /* Project object */;
}
